# THIS IS AN AUTOGENERATED FILE. DO NOT EDIT THIS FILE DIRECTLY.
# yarn lockfile v1


"@fortawesome/fontawesome-free@^5.6.3":
  version "5.6.3"
  resolved "https://registry.yarnpkg.com/@fortawesome/fontawesome-free/-/fontawesome-free-5.6.3.tgz#61c122c420d7a91613f393d6a06e5a4c6ae6abf3"
  integrity sha512-s5PLdI9NYgjBvfrv6rhirPHlAHWx+Sfo/IjsAeiXYfmemC/GSjwsyz1wLnGPazbLPXWfk62ks980o9AmsxYUEQ==

bulma-extensions@^4.0.0:
  version "4.0.0"
  resolved "https://registry.yarnpkg.com/bulma-extensions/-/bulma-extensions-4.0.0.tgz#c37b0c539179fb9cffffa1c0116a6639d0f1e871"
  integrity sha512-RrHX5FoDHsMuuMA2/mqkY5XbQSg6KT8mJBaS20kQmb3eS1qRkwU7WMKJ9CQAi9tIsk8SO0EUHsu88k1xplF6Yw==

bulma@^0.7.2:
  version "0.7.2"
  resolved "https://registry.yarnpkg.com/bulma/-/bulma-0.7.2.tgz#8e944377b74c7926558830d38d8e19eaf49f5fb6"
  integrity sha512-6JHEu8U/1xsyOst/El5ImLcZIiE2JFXgvrz8GGWbnDLwTNRPJzdAM0aoUM1Ns0avALcVb6KZz9NhzmU53dGDcQ==

clockpicker@^0.0.7:
  version "0.0.7"
  resolved "https://registry.yarnpkg.com/clockpicker/-/clockpicker-0.0.7.tgz#32d02c3a6cb00a3b6ea6d1ec2c5fc147d7bec06e"
  integrity sha1-MtAsOmywCjtuptHsLF/BR9e+wG4=

flatpickr@^4.5.2:
  version "4.5.2"
  resolved "https://registry.yarnpkg.com/flatpickr/-/flatpickr-4.5.2.tgz#47c8ad472a096e5fb7e74b809b0703535383f20d"
  integrity sha512-jDy4QYGpmiy7+Qk8QvKJ4spjDdxcx9cxMydmq1x427HkKWBw0qizLYeYM2F6tMcvvqGjU5VpJS55j4LnsaBblA==

jquery@^3.3.1:
  version "3.3.1"
  resolved "https://registry.yarnpkg.com/jquery/-/jquery-3.3.1.tgz#958ce29e81c9790f31be7792df5d4d95fc57fbca"
  integrity sha512-Ubldcmxp5np52/ENotGxlLe6aGMvmF4R8S6tZjsP6Knsaxd/xp3Zrh50cG93lR6nPXyUFwzN3ZSOQI0wRJNdGg==
