# THIS IS AN AUTOGENERATED FILE. DO NOT EDIT THIS FILE DIRECTLY.
# yarn lockfile v1


"@fortawesome/fontawesome-free@^5.6.3":
  version "5.6.3"
  resolved "https://registry.yarnpkg.com/@fortawesome/fontawesome-free/-/fontawesome-free-5.6.3.tgz#61c122c420d7a91613f393d6a06e5a4c6ae6abf3"
  integrity sha512-s5PLdI9NYgjBvfrv6rhirPHlAHWx+Sfo/IjsAeiXYfmemC/GSjwsyz1wLnGPazbLPXWfk62ks980o9AmsxYUEQ==

bulma-calendar@^5.0.3:
  version "5.0.3"
  resolved "https://registry.yarnpkg.com/bulma-calendar/-/bulma-calendar-5.0.3.tgz#74ff090a813ecc6074191d0e86985d7e65091b06"
  integrity sha512-79bC+ZL8lyfj+A8rU55BLFVVpVvnxz2t0bd+8QXA+w4CPq3haJX1Bh3rQ57762EUGZmD3aGNhiL6ZphyPl06fA==
  dependencies:
    date-and-time "^0.6.2"
    date-fns "^1.29"

bulma-extensions@^4.0.0:
  version "4.0.0"
  resolved "https://registry.yarnpkg.com/bulma-extensions/-/bulma-extensions-4.0.0.tgz#c37b0c539179fb9cffffa1c0116a6639d0f1e871"
  integrity sha512-RrHX5FoDHsMuuMA2/mqkY5XbQSg6KT8mJBaS20kQmb3eS1qRkwU7WMKJ9CQAi9tIsk8SO0EUHsu88k1xplF6Yw==

bulma@^0.7.2:
  version "0.7.2"
  resolved "https://registry.yarnpkg.com/bulma/-/bulma-0.7.2.tgz#8e944377b74c7926558830d38d8e19eaf49f5fb6"
  integrity sha512-6JHEu8U/1xsyOst/El5ImLcZIiE2JFXgvrz8GGWbnDLwTNRPJzdAM0aoUM1Ns0avALcVb6KZz9NhzmU53dGDcQ==

date-and-time@^0.6.2:
  version "0.6.3"
  resolved "https://registry.yarnpkg.com/date-and-time/-/date-and-time-0.6.3.tgz#2daee52df67c28bd93bce862756ac86b68cf4237"
  integrity sha512-lcWy3AXDRJOD7MplwZMmNSRM//kZtJaLz4n6D1P5z9wEmZGBKhJRBIr1Xs9KNQJmdXPblvgffynYji4iylUTcA==

date-fns@^1.29:
  version "1.30.1"
  resolved "https://registry.yarnpkg.com/date-fns/-/date-fns-1.30.1.tgz#2e71bf0b119153dbb4cc4e88d9ea5acfb50dc05c"
  integrity sha512-hBSVCvSmWC+QypYObzwGOd9wqdDpOt+0wl0KbU+R+uuZBS1jN8VsD1ss3irQDknRj5NvxiTF6oj/nDRnN/UQNw==
